Microsoft Visual Studio Solution File, Format Version 11.00
# Visual Studio 2008

Project("{0A63508C-D5B0-AFF5-002E-C81ACA30DDAD}") = "Tic Tak", "Assembly-CSharp-firstpass.csproj", "{2FD9EA09-02FF-CF27-7166-5591C14E0481}"
EndProject
Project("{0A63508C-D5B0-AFF5-002E-C81ACA30DDAD}") = "Tic Tak", "Assembly-CSharp.csproj", "{F7714D51-C5FA-BB43-7DE7-33E5CF0F4224}"
EndProject
Project("{0A63508C-D5B0-AFF5-002E-C81ACA30DDAD}") = "Tic Tak", "Assembly-CSharp-Editor-firstpass.csproj", "{3BA4E3D4-CBE1-488A-29DE-3D206854918E}"
EndProject
Global
	GlobalSection(SolutionConfigurationPlatforms) = preSolution
		Debug|Any CPU = Debug|Any CPU
		Release|Any CPU = Release|Any CPU
	EndGlobalSection
	GlobalSection(ProjectConfigurationPlatforms) = postSolution
		{2FD9EA09-02FF-CF27-7166-5591C14E0481}.Debug|Any CPU.ActiveCfg = Debug|Any CPU
		{2FD9EA09-02FF-CF27-7166-5591C14E0481}.Debug|Any CPU.Build.0 = Debug|Any CPU
		{2FD9EA09-02FF-CF27-7166-5591C14E0481}.Release|Any CPU.ActiveCfg = Release|Any CPU
		{2FD9EA09-02FF-CF27-7166-5591C14E0481}.Release|Any CPU.Build.0 = Release|Any CPU
		{F7714D51-C5FA-BB43-7DE7-33E5CF0F4224}.Debug|Any CPU.ActiveCfg = Debug|Any CPU
		{F7714D51-C5FA-BB43-7DE7-33E5CF0F4224}.Debug|Any CPU.Build.0 = Debug|Any CPU
		{F7714D51-C5FA-BB43-7DE7-33E5CF0F4224}.Release|Any CPU.ActiveCfg = Release|Any CPU
		{F7714D51-C5FA-BB43-7DE7-33E5CF0F4224}.Release|Any CPU.Build.0 = Release|Any CPU
		{3BA4E3D4-CBE1-488A-29DE-3D206854918E}.Debug|Any CPU.ActiveCfg = Debug|Any CPU
		{3BA4E3D4-CBE1-488A-29DE-3D206854918E}.Debug|Any CPU.Build.0 = Debug|Any CPU
		{3BA4E3D4-CBE1-488A-29DE-3D206854918E}.Release|Any CPU.ActiveCfg = Release|Any CPU
		{3BA4E3D4-CBE1-488A-29DE-3D206854918E}.Release|Any CPU.Build.0 = Release|Any CPU
	EndGlobalSection
	GlobalSection(SolutionProperties) = preSolution
		HideSolutionNode = FALSE
	EndGlobalSection
	GlobalSection(MonoDevelopProperties) = preSolution
		StartupItem = Assembly-CSharp.csproj
	EndGlobalSection
EndGlobal
